
Microsoft Visual Studio Solution File, Format Version 12.00
Project("{FAE04EC0-301F-11D3-BF4B-00C04F79EFBC}") = "tst-prj-2a", "tst-prj-2a\tst-prj-2a.csproj", "{9B9D90BB-E319-4612-8FD3-32A337756776}"
EndProject
Project("{FAE04EC0-301F-11D3-BF4B-00C04F79EFBC}") = "tst-prj-2b", "tst-prj-2b\tst-prj-2b.csproj", "{F8B0A840-B948-4490-9CD7-77DEAEAD84CE}"
EndProject
Global
	GlobalSection(SolutionConfigurationPlatforms) = preSolution
		Debug|Any CPU = Debug|Any CPU
		Release|Any CPU = Release|Any CPU
	EndGlobalSection
	GlobalSection(ProjectConfigurationPlatforms) = postSolution
		{9B9D90BB-E319-4612-8FD3-32A337756776}.Debug|Any CPU.ActiveCfg = Debug|Any CPU
		{9B9D90BB-E319-4612-8FD3-32A337756776}.Debug|Any CPU.Build.0 = Debug|Any CPU
		{9B9D90BB-E319-4612-8FD3-32A337756776}.Release|Any CPU.ActiveCfg = Release|Any CPU
		{9B9D90BB-E319-4612-8FD3-32A337756776}.Release|Any CPU.Build.0 = Release|Any CPU
		{F8B0A840-B948-4490-9CD7-77DEAEAD84CE}.Debug|Any CPU.ActiveCfg = Debug|Any CPU
		{F8B0A840-B948-4490-9CD7-77DEAEAD84CE}.Debug|Any CPU.Build.0 = Debug|Any CPU
		{F8B0A840-B948-4490-9CD7-77DEAEAD84CE}.Release|Any CPU.ActiveCfg = Release|Any CPU
		{F8B0A840-B948-4490-9CD7-77DEAEAD84CE}.Release|Any CPU.Build.0 = Release|Any CPU
	EndGlobalSection
EndGlobal
